
Microsoft Visual Studio Solution File, Format Version 12.00
# Visual Studio Version 17
VisualStudioVersion = 17.10.34916.146
MinimumVisualStudioVersion = 10.0.40219.1
Project("{FAE04EC0-301F-11D3-BF4B-00C04F79EFBC}") = "MusteritakipApp", "MusteritakipApp.csproj", "{53A50532-065C-4968-A0DD-33FE72915176}"
EndProject
Global
	GlobalSection(SolutionConfigurationPlatforms) = preSolution
		Debug|Any CPU = Debug|Any CPU
		Release|Any CPU = Release|Any CPU
	EndGlobalSection
	GlobalSection(ProjectConfigurationPlatforms) = postSolution
		{53A50532-065C-4968-A0DD-33FE72915176}.Debug|Any CPU.ActiveCfg = Debug|Any CPU
		{53A50532-065C-4968-A0DD-33FE72915176}.Debug|Any CPU.Build.0 = Debug|Any CPU
		{53A50532-065C-4968-A0DD-33FE72915176}.Release|Any CPU.ActiveCfg = Release|Any CPU
		{53A50532-065C-4968-A0DD-33FE72915176}.Release|Any CPU.Build.0 = Release|Any CPU
	EndGlobalSection
	GlobalSection(SolutionProperties) = preSolution
		HideSolutionNode = FALSE
	EndGlobalSection
	GlobalSection(ExtensibilityGlobals) = postSolution
		SolutionGuid = {F3A9D6C0-3823-40AD-BAFB-3BF01755D0A4}
	EndGlobalSection
EndGlobal
