
Microsoft Visual Studio Solution File, Format Version 12.00
# Visual Studio Version 17
VisualStudioVersion = 17.10.34916.146
MinimumVisualStudioVersion = 10.0.40219.1
Project("{FAE04EC0-301F-11D3-BF4B-00C04F79EFBC}") = "müşteri-gelir-gider", "müşteri-gelir-gider\müşteri-gelir-gider.csproj", "{37BA1F7D-2B29-48B6-8D3B-009B819F8B91}"
EndProject
Global
	GlobalSection(SolutionConfigurationPlatforms) = preSolution
		Debug|Any CPU = Debug|Any CPU
		Release|Any CPU = Release|Any CPU
	EndGlobalSection
	GlobalSection(ProjectConfigurationPlatforms) = postSolution
		{37BA1F7D-2B29-48B6-8D3B-009B819F8B91}.Debug|Any CPU.ActiveCfg = Debug|Any CPU
		{37BA1F7D-2B29-48B6-8D3B-009B819F8B91}.Debug|Any CPU.Build.0 = Debug|Any CPU
		{37BA1F7D-2B29-48B6-8D3B-009B819F8B91}.Release|Any CPU.ActiveCfg = Release|Any CPU
		{37BA1F7D-2B29-48B6-8D3B-009B819F8B91}.Release|Any CPU.Build.0 = Release|Any CPU
	EndGlobalSection
	GlobalSection(SolutionProperties) = preSolution
		HideSolutionNode = FALSE
	EndGlobalSection
	GlobalSection(ExtensibilityGlobals) = postSolution
		SolutionGuid = {0844479D-1556-489F-8725-306F09322DFD}
	EndGlobalSection
EndGlobal
